// !$*UTF8*$!
{
	archiveVersion = 1;
	classes = {
	};
	objectVersion = 77;
	objects = {

/* Begin PBXBuildFile section */
		896CEF6F2E5A090D00F92AC1 /* AppDomain in Frameworks */ = {isa = PBXBuildFile; productRef = 896CEF6E2E5A090D00F92AC1 /* AppDomain */; };
		89884ED52E5775FB00607720 /* AppUI in Frameworks */ = {isa = PBXBuildFile; productRef = 89884ED42E5775FB00607720 /* AppUI */; };
/* End PBXBuildFile section */

/* Begin PBXContainerItemProxy section */
		89884E9E2E574C0A00607720 /* PBXContainerItemProxy */ = {
			isa = PBXContainerItemProxy;
			containerPortal = 89884E7F2E574C0800607720 /* Project object */;
			proxyType = 1;
			remoteGlobalIDString = 89884E862E574C0800607720;
			remoteInfo = TransferList;
		};
/* End PBXContainerItemProxy section */

/* Begin PBXFileReference section */
		895F71002E58C1B3007EBD46 /* AppDomain */ = {isa = PBXFileReference; lastKnownFileType = wrapper; path = AppDomain; sourceTree = "<group>"; };
		89884E872E574C0800607720 /* TransferList.app */ = {isa = PBXFileReference; explicitFileType = wrapper.application; includeInIndex = 0; path = TransferList.app; sourceTree = BUILT_PRODUCTS_DIR; };
		89884E9D2E574C0A00607720 /* TransferListTests.xctest */ = {isa = PBXFileReference; explicitFileType = wrapper.cfbundle; includeInIndex = 0; path = TransferListTests.xctest; sourceTree = BUILT_PRODUCTS_DIR; };
		89884ED62E57765600607720 /* AppUI */ = {isa = PBXFileReference; lastKnownFileType = wrapper; path = AppUI; sourceTree = "<group>"; };
		89884ED72E577D0800607720 /* AppFoundation */ = {isa = PBXFileReference; lastKnownFileType = wrapper; path = AppFoundation; sourceTree = "<group>"; };
/* End PBXFileReference section */

/* Begin PBXFileSystemSynchronizedBuildFileExceptionSet section */
		89884EAF2E574C0A00607720 /* Exceptions for "TransferList" folder in "TransferList" target */ = {
			isa = PBXFileSystemSynchronizedBuildFileExceptionSet;
			membershipExceptions = (
				Resources/Info.plist,
			);
			target = 89884E862E574C0800607720 /* TransferList */;
		};
/* End PBXFileSystemSynchronizedBuildFileExceptionSet section */

/* Begin PBXFileSystemSynchronizedRootGroup section */
		89884E892E574C0800607720 /* TransferList */ = {
			isa = PBXFileSystemSynchronizedRootGroup;
			exceptions = (
				89884EAF2E574C0A00607720 /* Exceptions for "TransferList" folder in "TransferList" target */,
			);
			path = TransferList;
			sourceTree = "<group>";
		};
		89884EA02E574C0A00607720 /* TransferListTests */ = {
			isa = PBXFileSystemSynchronizedRootGroup;
			path = TransferListTests;
			sourceTree = "<group>";
		};
/* End PBXFileSystemSynchronizedRootGroup section */

/* Begin PBXFrameworksBuildPhase section */
		89884E842E574C0800607720 /* Frameworks */ = {
			isa = PBXFrameworksBuildPhase;
			buildActionMask = 2147483647;
			files = (
				896CEF6F2E5A090D00F92AC1 /* AppDomain in Frameworks */,
				89884ED52E5775FB00607720 /* AppUI in Frameworks */,
			);
			runOnlyForDeploymentPostprocessing = 0;
		};
		89884E9A2E574C0A00607720 /* Frameworks */ = {
			isa = PBXFrameworksBuildPhase;
			buildActionMask = 2147483647;
			files = (
			);
			runOnlyForDeploymentPostprocessing = 0;
		};
/* End PBXFrameworksBuildPhase section */

/* Begin PBXGroup section */
		89884E7E2E574C0800607720 = {
			isa = PBXGroup;
			children = (
				89884ED72E577D0800607720 /* AppFoundation */,
				895F71002E58C1B3007EBD46 /* AppDomain */,
				89884ED62E57765600607720 /* AppUI */,
				89884E892E574C0800607720 /* TransferList */,
				89884EA02E574C0A00607720 /* TransferListTests */,
				89884E882E574C0800607720 /* Products */,
			);
			sourceTree = "<group>";
		};
		89884E882E574C0800607720 /* Products */ = {
			isa = PBXGroup;
			children = (
				89884E872E574C0800607720 /* TransferList.app */,
				89884E9D2E574C0A00607720 /* TransferListTests.xctest */,
			);
			name = Products;
			sourceTree = "<group>";
		};
/* End PBXGroup section */

/* Begin PBXNativeTarget section */
		89884E862E574C0800607720 /* TransferList */ = {
			isa = PBXNativeTarget;
			buildConfigurationList = 89884EB02E574C0A00607720 /* Build configuration list for PBXNativeTarget "TransferList" */;
			buildPhases = (
				89884E832E574C0800607720 /* Sources */,
				89884E842E574C0800607720 /* Frameworks */,
				89884E852E574C0800607720 /* Resources */,
			);
			buildRules = (
			);
			dependencies = (
			);
			fileSystemSynchronizedGroups = (
				89884E892E574C0800607720 /* TransferList */,
			);
			name = TransferList;
			packageProductDependencies = (
				89884ED42E5775FB00607720 /* AppUI */,
				896CEF6E2E5A090D00F92AC1 /* AppDomain */,
			);
			productName = TransferList;
			productReference = 89884E872E574C0800607720 /* TransferList.app */;
			productType = "com.apple.product-type.application";
		};
		89884E9C2E574C0A00607720 /* TransferListTests */ = {
			isa = PBXNativeTarget;
			buildConfigurationList = 89884EB52E574C0A00607720 /* Build configuration list for PBXNativeTarget "TransferListTests" */;
			buildPhases = (
				89884E992E574C0A00607720 /* Sources */,
				89884E9A2E574C0A00607720 /* Frameworks */,
				89884E9B2E574C0A00607720 /* Resources */,
			);
			buildRules = (
			);
			dependencies = (
				89884E9F2E574C0A00607720 /* PBXTargetDependency */,
			);
			fileSystemSynchronizedGroups = (
				89884EA02E574C0A00607720 /* TransferListTests */,
			);
			name = TransferListTests;
			packageProductDependencies = (
			);
			productName = TransferListTests;
			productReference = 89884E9D2E574C0A00607720 /* TransferListTests.xctest */;
			productType = "com.apple.product-type.bundle.unit-test";
		};
/* End PBXNativeTarget section */

/* Begin PBXProject section */
		89884E7F2E574C0800607720 /* Project object */ = {
			isa = PBXProject;
			attributes = {
				BuildIndependentTargetsInParallel = 1;
				LastSwiftUpdateCheck = 1640;
				LastUpgradeCheck = 1640;
				TargetAttributes = {
					89884E862E574C0800607720 = {
						CreatedOnToolsVersion = 16.4;
					};
					89884E9C2E574C0A00607720 = {
						CreatedOnToolsVersion = 16.4;
						TestTargetID = 89884E862E574C0800607720;
					};
				};
			};
			buildConfigurationList = 89884E822E574C0800607720 /* Build configuration list for PBXProject "TransferList" */;
			developmentRegion = en;
			hasScannedForEncodings = 0;
			knownRegions = (
				en,
				Base,
			);
			mainGroup = 89884E7E2E574C0800607720;
			minimizedProjectReferenceProxies = 1;
			packageReferences = (
			);
			preferredProjectObjectVersion = 77;
			productRefGroup = 89884E882E574C0800607720 /* Products */;
			projectDirPath = "";
			projectRoot = "";
			targets = (
				89884E862E574C0800607720 /* TransferList */,
				89884E9C2E574C0A00607720 /* TransferListTests */,
			);
		};
/* End PBXProject section */

/* Begin PBXResourcesBuildPhase section */
		89884E852E574C0800607720 /* Resources */ = {
			isa = PBXResourcesBuildPhase;
			buildActionMask = 2147483647;
			files = (
			);
			runOnlyForDeploymentPostprocessing = 0;
		};
		89884E9B2E574C0A00607720 /* Resources */ = {
			isa = PBXResourcesBuildPhase;
			buildActionMask = 2147483647;
			files = (
			);
			runOnlyForDeploymentPostprocessing = 0;
		};
/* End PBXResourcesBuildPhase section */

/* Begin PBXSourcesBuildPhase section */
		89884E832E574C0800607720 /* Sources */ = {
			isa = PBXSourcesBuildPhase;
			buildActionMask = 2147483647;
			files = (
			);
			runOnlyForDeploymentPostprocessing = 0;
		};
		89884E992E574C0A00607720 /* Sources */ = {
			isa = PBXSourcesBuildPhase;
			buildActionMask = 2147483647;
			files = (
			);
			runOnlyForDeploymentPostprocessing = 0;
		};
/* End PBXSourcesBuildPhase section */

/* Begin PBXTargetDependency section */
		89884E9F2E574C0A00607720 /* PBXTargetDependency */ = {
			isa = PBXTargetDependency;
			target = 89884E862E574C0800607720 /* TransferList */;
			targetProxy = 89884E9E2E574C0A00607720 /* PBXContainerItemProxy */;
		};
/* End PBXTargetDependency section */

/* Begin XCBuildConfiguration section */
		89884EB12E574C0A00607720 /* Debug */ = {
			isa = XCBuildConfiguration;
			baseConfigurationReferenceAnchor = 89884E892E574C0800607720 /* TransferList */;
			baseConfigurationReferenceRelativePath = Configs/SharedConfig.xcconfig;
			buildSettings = {
				ASSETCATALOG_COMPILER_APPICON_NAME = AppIcon;
				ASSETCATALOG_COMPILER_GLOBAL_ACCENT_COLOR_NAME = AccentColor;
				CODE_SIGN_IDENTITY = "Apple Development";
				CODE_SIGN_STYLE = Automatic;
				CURRENT_PROJECT_VERSION = 1;
				DEVELOPMENT_TEAM = MKC9BPM44M;
				GENERATE_INFOPLIST_FILE = YES;
				INFOPLIST_FILE = TransferList/Resources/Info.plist;
				INFOPLIST_KEY_UIApplicationSupportsIndirectInputEvents = YES;
				INFOPLIST_KEY_UILaunchStoryboardName = LaunchScreen;
				INFOPLIST_KEY_UISupportedInterfaceOrientations_iPad = "UIInterfaceOrientationPortrait UIInterfaceOrientationPortraitUpsideDown UIInterfaceOrientationLandscapeLeft UIInterfaceOrientationLandscapeRight";
				INFOPLIST_KEY_UISupportedInterfaceOrientations_iPhone = "UIInterfaceOrientationPortrait UIInterfaceOrientationLandscapeLeft UIInterfaceOrientationLandscapeRight";
				IPHONEOS_DEPLOYMENT_TARGET = 14;
				LD_RUNPATH_SEARCH_PATHS = (
					"$(inherited)",
					"@executable_path/Frameworks",
				);
				MARKETING_VERSION = 1.0;
				PRODUCT_BUNDLE_IDENTIFIER = com.negar.TransferList;
				PRODUCT_NAME = "$(TARGET_NAME)";
				PROVISIONING_PROFILE_SPECIFIER = "";
				SWIFT_EMIT_LOC_STRINGS = YES;
				SWIFT_VERSION = 5.0;
				TARGETED_DEVICE_FAMILY = "1,2";
			};
			name = Debug;
		};
		89884EB22E574C0A00607720 /* Release */ = {
			isa = XCBuildConfiguration;
			baseConfigurationReferenceAnchor = 89884E892E574C0800607720 /* TransferList */;
			baseConfigurationReferenceRelativePath = Configs/SharedConfig.xcconfig;
			buildSettings = {
				ASSETCATALOG_COMPILER_APPICON_NAME = AppIcon;
				ASSETCATALOG_COMPILER_GLOBAL_ACCENT_COLOR_NAME = AccentColor;
				CODE_SIGN_IDENTITY = "Apple Development";
				CODE_SIGN_STYLE = Automatic;
				CURRENT_PROJECT_VERSION = 1;
				DEVELOPMENT_TEAM = MKC9BPM44M;
				GENERATE_INFOPLIST_FILE = YES;
				INFOPLIST_FILE = TransferList/Resources/Info.plist;
				INFOPLIST_KEY_UIApplicationSupportsIndirectInputEvents = YES;
				INFOPLIST_KEY_UILaunchStoryboardName = LaunchScreen;
				INFOPLIST_KEY_UISupportedInterfaceOrientations_iPad = "UIInterfaceOrientationPortrait UIInterfaceOrientationPortraitUpsideDown UIInterfaceOrientationLandscapeLeft UIInterfaceOrientationLandscapeRight";
				INFOPLIST_KEY_UISupportedInterfaceOrientations_iPhone = "UIInterfaceOrientationPortrait UIInterfaceOrientationLandscapeLeft UIInterfaceOrientationLandscapeRight";
				IPHONEOS_DEPLOYMENT_TARGET = 14;
				LD_RUNPATH_SEARCH_PATHS = (
					"$(inherited)",
					"@executable_path/Frameworks",
				);
				MARKETING_VERSION = 1.0;
				PRODUCT_BUNDLE_IDENTIFIER = com.negar.TransferList;
				PRODUCT_NAME = "$(TARGET_NAME)";
				PROVISIONING_PROFILE_SPECIFIER = "";
				SWIFT_EMIT_LOC_STRINGS = YES;
				SWIFT_VERSION = 5.0;
				TARGETED_DEVICE_FAMILY = "1,2";
			};
			name = Release;
		};
		89884EB32E574C0A00607720 /* Debug */ = {
			isa = XCBuildConfiguration;
			baseConfigurationReferenceAnchor = 89884E892E574C0800607720 /* TransferList */;
			baseConfigurationReferenceRelativePath = Configs/SharedConfig.xcconfig;
			buildSettings = {
				ALWAYS_SEARCH_USER_PATHS = NO;
				ASSETCATALOG_COMPILER_GENERATE_SWIFT_ASSET_SYMBOL_EXTENSIONS = YES;
				CLANG_ANALYZER_NONNULL = YES;
				CLANG_ANALYZER_NUMBER_OBJECT_CONVERSION = YES_AGGRESSIVE;
				CLANG_CXX_LANGUAGE_STANDARD = "gnu++20";
				CLANG_ENABLE_MODULES = YES;
				CLANG_ENABLE_OBJC_ARC = YES;
				CLANG_ENABLE_OBJC_WEAK = YES;
				CLANG_WARN_BLOCK_CAPTURE_AUTORELEASING = YES;
				CLANG_WARN_BOOL_CONVERSION = YES;
				CLANG_WARN_COMMA = YES;
				CLANG_WARN_CONSTANT_CONVERSION = YES;
				CLANG_WARN_DEPRECATED_OBJC_IMPLEMENTATIONS = YES;
				CLANG_WARN_DIRECT_OBJC_ISA_USAGE = YES_ERROR;
				CLANG_WARN_DOCUMENTATION_COMMENTS = YES;
				CLANG_WARN_EMPTY_BODY = YES;
				CLANG_WARN_ENUM_CONVERSION = YES;
				CLANG_WARN_INFINITE_RECURSION = YES;
				CLANG_WARN_INT_CONVERSION = YES;
				CLANG_WARN_NON_LITERAL_NULL_CONVERSION = YES;
				CLANG_WARN_OBJC_IMPLICIT_RETAIN_SELF = YES;
				CLANG_WARN_OBJC_LITERAL_CONVERSION = YES;
				CLANG_WARN_OBJC_ROOT_CLASS = YES_ERROR;
				CLANG_WARN_QUOTED_INCLUDE_IN_FRAMEWORK_HEADER = YES;
				CLANG_WARN_RANGE_LOOP_ANALYSIS = YES;
				CLANG_WARN_STRICT_PROTOTYPES = YES;
				CLANG_WARN_SUSPICIOUS_MOVE = YES;
				CLANG_WARN_UNGUARDED_AVAILABILITY = YES_AGGRESSIVE;
				CLANG_WARN_UNREACHABLE_CODE = YES;
				CLANG_WARN__DUPLICATE_METHOD_MATCH = YES;
				COPY_PHASE_STRIP = NO;
				DEBUG_INFORMATION_FORMAT = dwarf;
				ENABLE_STRICT_OBJC_MSGSEND = YES;
				ENABLE_TESTABILITY = YES;
				ENABLE_USER_SCRIPT_SANDBOXING = YES;
				GCC_C_LANGUAGE_STANDARD = gnu17;
				GCC_DYNAMIC_NO_PIC = NO;
				GCC_NO_COMMON_BLOCKS = YES;
				GCC_OPTIMIZATION_LEVEL = 0;
				GCC_PREPROCESSOR_DEFINITIONS = (
					"DEBUG=1",
					"$(inherited)",
				);
				GCC_WARN_64_TO_32_BIT_CONVERSION = YES;
				GCC_WARN_ABOUT_RETURN_TYPE = YES_ERROR;
				GCC_WARN_UNDECLARED_SELECTOR = YES;
				GCC_WARN_UNINITIALIZED_AUTOS = YES_AGGRESSIVE;
				GCC_WARN_UNUSED_FUNCTION = YES;
				GCC_WARN_UNUSED_VARIABLE = YES;
				INFOPLIST_KEY_UILaunchScreen_Generation = NO;
				INFOPLIST_KEY_UILaunchStoryboardName = LaunchScreen.storyboard;
				IPHONEOS_DEPLOYMENT_TARGET = 18.5;
				LOCALIZATION_PREFERS_STRING_CATALOGS = YES;
				MTL_ENABLE_DEBUG_INFO = INCLUDE_SOURCE;
				MTL_FAST_MATH = YES;
				ONLY_ACTIVE_ARCH = YES;
				SDKROOT = iphoneos;
				SWIFT_ACTIVE_COMPILATION_CONDITIONS = "DEBUG $(inherited)";
				SWIFT_OPTIMIZATION_LEVEL = "-Onone";
			};
			name = Debug;
		};
		89884EB42E574C0A00607720 /* Release */ = {
			isa = XCBuildConfiguration;
			baseConfigurationReferenceAnchor = 89884E892E574C0800607720 /* TransferList */;
			baseConfigurationReferenceRelativePath = Configs/SharedConfig.xcconfig;
			buildSettings = {
				ALWAYS_SEARCH_USER_PATHS = NO;
				ASSETCATALOG_COMPILER_GENERATE_SWIFT_ASSET_SYMBOL_EXTENSIONS = YES;
				CLANG_ANALYZER_NONNULL = YES;
				CLANG_ANALYZER_NUMBER_OBJECT_CONVERSION = YES_AGGRESSIVE;
				CLANG_CXX_LANGUAGE_STANDARD = "gnu++20";
				CLANG_ENABLE_MODULES = YES;
				CLANG_ENABLE_OBJC_ARC = YES;
				CLANG_ENABLE_OBJC_WEAK = YES;
				CLANG_WARN_BLOCK_CAPTURE_AUTORELEASING = YES;
				CLANG_WARN_BOOL_CONVERSION = YES;
				CLANG_WARN_COMMA = YES;
				CLANG_WARN_CONSTANT_CONVERSION = YES;
				CLANG_WARN_DEPRECATED_OBJC_IMPLEMENTATIONS = YES;
				CLANG_WARN_DIRECT_OBJC_ISA_USAGE = YES_ERROR;
				CLANG_WARN_DOCUMENTATION_COMMENTS = YES;
				CLANG_WARN_EMPTY_BODY = YES;
				CLANG_WARN_ENUM_CONVERSION = YES;
				CLANG_WARN_INFINITE_RECURSION = YES;
				CLANG_WARN_INT_CONVERSION = YES;
				CLANG_WARN_NON_LITERAL_NULL_CONVERSION = YES;
				CLANG_WARN_OBJC_IMPLICIT_RETAIN_SELF = YES;
				CLANG_WARN_OBJC_LITERAL_CONVERSION = YES;
				CLANG_WARN_OBJC_ROOT_CLASS = YES_ERROR;
				CLANG_WARN_QUOTED_INCLUDE_IN_FRAMEWORK_HEADER = YES;
				CLANG_WARN_RANGE_LOOP_ANALYSIS = YES;
				CLANG_WARN_STRICT_PROTOTYPES = YES;
				CLANG_WARN_SUSPICIOUS_MOVE = YES;
				CLANG_WARN_UNGUARDED_AVAILABILITY = YES_AGGRESSIVE;
				CLANG_WARN_UNREACHABLE_CODE = YES;
				CLANG_WARN__DUPLICATE_METHOD_MATCH = YES;
				COPY_PHASE_STRIP = NO;
				DEBUG_INFORMATION_FORMAT = "dwarf-with-dsym";
				ENABLE_NS_ASSERTIONS = NO;
				ENABLE_STRICT_OBJC_MSGSEND = YES;
				ENABLE_USER_SCRIPT_SANDBOXING = YES;
				GCC_C_LANGUAGE_STANDARD = gnu17;
				GCC_NO_COMMON_BLOCKS = YES;
				GCC_WARN_64_TO_32_BIT_CONVERSION = YES;
				GCC_WARN_ABOUT_RETURN_TYPE = YES_ERROR;
				GCC_WARN_UNDECLARED_SELECTOR = YES;
				GCC_WARN_UNINITIALIZED_AUTOS = YES_AGGRESSIVE;
				GCC_WARN_UNUSED_FUNCTION = YES;
				GCC_WARN_UNUSED_VARIABLE = YES;
				INFOPLIST_KEY_UILaunchScreen_Generation = NO;
				INFOPLIST_KEY_UILaunchStoryboardName = LaunchScreen.storyboard;
				IPHONEOS_DEPLOYMENT_TARGET = 18.5;
				LOCALIZATION_PREFERS_STRING_CATALOGS = YES;
				MTL_ENABLE_DEBUG_INFO = NO;
				MTL_FAST_MATH = YES;
				SDKROOT = iphoneos;
				SWIFT_COMPILATION_MODE = wholemodule;
				VALIDATE_PRODUCT = YES;
			};
			name = Release;
		};
		89884EB62E574C0A00607720 /* Debug */ = {
			isa = XCBuildConfiguration;
			baseConfigurationReferenceAnchor = 89884E892E574C0800607720 /* TransferList */;
			baseConfigurationReferenceRelativePath = Configs/SharedConfig.xcconfig;
			buildSettings = {
				BUNDLE_LOADER = "$(TEST_HOST)";
				CODE_SIGN_STYLE = Automatic;
				CURRENT_PROJECT_VERSION = 1;
				GENERATE_INFOPLIST_FILE = YES;
				IPHONEOS_DEPLOYMENT_TARGET = 14;
				MARKETING_VERSION = 1.0;
				PRODUCT_BUNDLE_IDENTIFIER = com.negar.TransferListTests;
				PRODUCT_NAME = "$(TARGET_NAME)";
				SWIFT_EMIT_LOC_STRINGS = NO;
				SWIFT_VERSION = 5.0;
				TARGETED_DEVICE_FAMILY = "1,2";
				TEST_HOST = "$(BUILT_PRODUCTS_DIR)/TransferList.app/$(BUNDLE_EXECUTABLE_FOLDER_PATH)/TransferList";
			};
			name = Debug;
		};
		89884EB72E574C0A00607720 /* Release */ = {
			isa = XCBuildConfiguration;
			baseConfigurationReferenceAnchor = 89884E892E574C0800607720 /* TransferList */;
			baseConfigurationReferenceRelativePath = Configs/SharedConfig.xcconfig;
			buildSettings = {
				BUNDLE_LOADER = "$(TEST_HOST)";
				CODE_SIGN_STYLE = Automatic;
				CURRENT_PROJECT_VERSION = 1;
				GENERATE_INFOPLIST_FILE = YES;
				IPHONEOS_DEPLOYMENT_TARGET = 14;
				MARKETING_VERSION = 1.0;
				PRODUCT_BUNDLE_IDENTIFIER = com.negar.TransferListTests;
				PRODUCT_NAME = "$(TARGET_NAME)";
				SWIFT_EMIT_LOC_STRINGS = NO;
				SWIFT_VERSION = 5.0;
				TARGETED_DEVICE_FAMILY = "1,2";
				TEST_HOST = "$(BUILT_PRODUCTS_DIR)/TransferList.app/$(BUNDLE_EXECUTABLE_FOLDER_PATH)/TransferList";
			};
			name = Release;
		};
/* End XCBuildConfiguration section */

/* Begin XCConfigurationList section */
		89884E822E574C0800607720 /* Build configuration list for PBXProject "TransferList" */ = {
			isa = XCConfigurationList;
			buildConfigurations = (
				89884EB32E574C0A00607720 /* Debug */,
				89884EB42E574C0A00607720 /* Release */,
			);
			defaultConfigurationIsVisible = 0;
			defaultConfigurationName = Release;
		};
		89884EB02E574C0A00607720 /* Build configuration list for PBXNativeTarget "TransferList" */ = {
			isa = XCConfigurationList;
			buildConfigurations = (
				89884EB12E574C0A00607720 /* Debug */,
				89884EB22E574C0A00607720 /* Release */,
			);
			defaultConfigurationIsVisible = 0;
			defaultConfigurationName = Release;
		};
		89884EB52E574C0A00607720 /* Build configuration list for PBXNativeTarget "TransferListTests" */ = {
			isa = XCConfigurationList;
			buildConfigurations = (
				89884EB62E574C0A00607720 /* Debug */,
				89884EB72E574C0A00607720 /* Release */,
			);
			defaultConfigurationIsVisible = 0;
			defaultConfigurationName = Release;
		};
/* End XCConfigurationList section */

/* Begin XCSwiftPackageProductDependency section */
		896CEF6E2E5A090D00F92AC1 /* AppDomain */ = {
			isa = XCSwiftPackageProductDependency;
			productName = AppDomain;
		};
		89884ED42E5775FB00607720 /* AppUI */ = {
			isa = XCSwiftPackageProductDependency;
			productName = AppUI;
		};
/* End XCSwiftPackageProductDependency section */
	};
	rootObject = 89884E7F2E574C0800607720 /* Project object */;
}
